{
  "name": "flowerscript-js-git",
  "lockfileVersion": 3,
  "requires": true,
  "packages": {
    "": {
      "dependencies": {
        "iconv-cp932": "^1.2.2"
      }
    },
    "node_modules/iconv-cp932": {
      "version": "1.2.2",
      "resolved": "https://registry.npmmirror.com/iconv-cp932/-/iconv-cp932-1.2.2.tgz",
      "integrity": "sha512-vUP4Ke0Xy3bInEjSsKtKq51KeXK7nglt9uvRVYhJrlUBlMKa2R1EBDE88HFXzm8Wp5J1w83psrISj0f+QMEt4g=="
    }
  }
}
